
Microsoft Visual Studio Solution File, Format Version 12.00
# Visual Studio Version 16
VisualStudioVersion = 16.0.31313.79
MinimumVisualStudioVersion = 10.0.40219.1
Project("{9A19103F-16F7-4668-BE54-9A1E7A4F7556}") = "LoginModule", "..\LoginModule\LoginModule.csproj", "{4FD02D5B-FE3D-44FC-91CF-8E56C051F763}"
EndProject
Project("{9A19103F-16F7-4668-BE54-9A1E7A4F7556}") = "WPFWorkshopOriPrism", "..\WPFWorkshopOriPrism\WPFWorkshopOriPrism.csproj", "{8A1C79F0-90FB-45F4-9C1E-5A1EA96FB611}"
EndProject
Project("{9A19103F-16F7-4668-BE54-9A1E7A4F7556}") = "Entity", "Entity\Entity.csproj", "{ADAD0BAF-F5A3-4CD7-97C4-D346D9E3057A}"
EndProject
Project("{9A19103F-16F7-4668-BE54-9A1E7A4F7556}") = "FundGrpc", "FundGrpc\FundGrpc.csproj", "{BAA9C915-F69A-4653-A668-F354F2F7E837}"
EndProject
Project("{9A19103F-16F7-4668-BE54-9A1E7A4F7556}") = "MainModule", "..\MainModule\MainModule.csproj", "{AEEDD4D2-37EF-49B7-A719-54DB706344B7}"
EndProject
Global
	GlobalSection(SolutionConfigurationPlatforms) = preSolution
		Debug|Any CPU = Debug|Any CPU
		Release|Any CPU = Release|Any CPU
	EndGlobalSection
	GlobalSection(ProjectConfigurationPlatforms) = postSolution
		{4FD02D5B-FE3D-44FC-91CF-8E56C051F763}.Debug|Any CPU.ActiveCfg = Debug|Any CPU
		{4FD02D5B-FE3D-44FC-91CF-8E56C051F763}.Debug|Any CPU.Build.0 = Debug|Any CPU
		{4FD02D5B-FE3D-44FC-91CF-8E56C051F763}.Release|Any CPU.ActiveCfg = Release|Any CPU
		{4FD02D5B-FE3D-44FC-91CF-8E56C051F763}.Release|Any CPU.Build.0 = Release|Any CPU
		{8A1C79F0-90FB-45F4-9C1E-5A1EA96FB611}.Debug|Any CPU.ActiveCfg = Debug|Any CPU
		{8A1C79F0-90FB-45F4-9C1E-5A1EA96FB611}.Debug|Any CPU.Build.0 = Debug|Any CPU
		{8A1C79F0-90FB-45F4-9C1E-5A1EA96FB611}.Release|Any CPU.ActiveCfg = Release|Any CPU
		{8A1C79F0-90FB-45F4-9C1E-5A1EA96FB611}.Release|Any CPU.Build.0 = Release|Any CPU
		{ADAD0BAF-F5A3-4CD7-97C4-D346D9E3057A}.Debug|Any CPU.ActiveCfg = Debug|Any CPU
		{ADAD0BAF-F5A3-4CD7-97C4-D346D9E3057A}.Debug|Any CPU.Build.0 = Debug|Any CPU
		{ADAD0BAF-F5A3-4CD7-97C4-D346D9E3057A}.Release|Any CPU.ActiveCfg = Release|Any CPU
		{ADAD0BAF-F5A3-4CD7-97C4-D346D9E3057A}.Release|Any CPU.Build.0 = Release|Any CPU
		{BAA9C915-F69A-4653-A668-F354F2F7E837}.Debug|Any CPU.ActiveCfg = Debug|Any CPU
		{BAA9C915-F69A-4653-A668-F354F2F7E837}.Debug|Any CPU.Build.0 = Debug|Any CPU
		{BAA9C915-F69A-4653-A668-F354F2F7E837}.Release|Any CPU.ActiveCfg = Release|Any CPU
		{BAA9C915-F69A-4653-A668-F354F2F7E837}.Release|Any CPU.Build.0 = Release|Any CPU
		{AEEDD4D2-37EF-49B7-A719-54DB706344B7}.Debug|Any CPU.ActiveCfg = Debug|Any CPU
		{AEEDD4D2-37EF-49B7-A719-54DB706344B7}.Debug|Any CPU.Build.0 = Debug|Any CPU
		{AEEDD4D2-37EF-49B7-A719-54DB706344B7}.Release|Any CPU.ActiveCfg = Release|Any CPU
		{AEEDD4D2-37EF-49B7-A719-54DB706344B7}.Release|Any CPU.Build.0 = Release|Any CPU
	EndGlobalSection
	GlobalSection(SolutionProperties) = preSolution
		HideSolutionNode = FALSE
	EndGlobalSection
	GlobalSection(ExtensibilityGlobals) = postSolution
		SolutionGuid = {08679F13-934A-423D-9331-C9508F98A3E1}
	EndGlobalSection
EndGlobal
